// !$*UTF8*$!
{
	archiveVersion = 1;
	classes = {
	};
	objectVersion = 55;
	objects = {

/* Begin PBXBuildFile section */
		63189188288812AE0031CC88 /* Table.storyboard in Resources */ = {isa = PBXBuildFile; fileRef = 63189187288812AE0031CC88 /* Table.storyboard */; };
		6318918A288812BA0031CC88 /* Collection.storyboard in Resources */ = {isa = PBXBuildFile; fileRef = 63189189288812BA0031CC88 /* Collection.storyboard */; };
		6318918E288812E60031CC88 /* StudyCollectionViewCell.swift in Sources */ = {isa = PBXBuildFile; fileRef = 6318918D288812E60031CC88 /* StudyCollectionViewCell.swift */; };
		63189190288812FD0031CC88 /* StudyCollectionViewController.swift in Sources */ = {isa = PBXBuildFile; fileRef = 6318918F288812FD0031CC88 /* StudyCollectionViewController.swift */; };
		631891922888130C0031CC88 /* StudyTableViewCell.swift in Sources */ = {isa = PBXBuildFile; fileRef = 631891912888130C0031CC88 /* StudyTableViewCell.swift */; };
		631891942888132B0031CC88 /* StudyTableViewController.swift in Sources */ = {isa = PBXBuildFile; fileRef = 631891932888132B0031CC88 /* StudyTableViewController.swift */; };
		6318919628881CEC0031CC88 /* TableList.swift in Sources */ = {isa = PBXBuildFile; fileRef = 6318919528881CEC0031CC88 /* TableList.swift */; };
		6318919828881CFC0031CC88 /* TableListInfo.swift in Sources */ = {isa = PBXBuildFile; fileRef = 6318919728881CFB0031CC88 /* TableListInfo.swift */; };
		63696DB8289128240051C8F2 /* CustomTableViewController.swift in Sources */ = {isa = PBXBuildFile; fileRef = 63696DB7289128240051C8F2 /* CustomTableViewController.swift */; };
		63696DBA2891282F0051C8F2 /* CustomTable.storyboard in Resources */ = {isa = PBXBuildFile; fileRef = 63696DB92891282F0051C8F2 /* CustomTable.storyboard */; };
		63696DC128912A3C0051C8F2 /* MainTableViewCell.swift in Sources */ = {isa = PBXBuildFile; fileRef = 63696DBF28912A3C0051C8F2 /* MainTableViewCell.swift */; };
		63696DC228912A3C0051C8F2 /* MainTableViewCell.xib in Resources */ = {isa = PBXBuildFile; fileRef = 63696DC028912A3C0051C8F2 /* MainTableViewCell.xib */; };
		63696DC528912A470051C8F2 /* SubTableViewCell.swift in Sources */ = {isa = PBXBuildFile; fileRef = 63696DC328912A470051C8F2 /* SubTableViewCell.swift */; };
		63696DC628912A470051C8F2 /* SubTableViewCell.xib in Resources */ = {isa = PBXBuildFile; fileRef = 63696DC428912A470051C8F2 /* SubTableViewCell.xib */; };
		63696DC828912DBC0051C8F2 /* MainMenu.swift in Sources */ = {isa = PBXBuildFile; fileRef = 63696DC728912DBC0051C8F2 /* MainMenu.swift */; };
		63696DCA289134E20051C8F2 /* SubMenu.swift in Sources */ = {isa = PBXBuildFile; fileRef = 63696DC9289134E20051C8F2 /* SubMenu.swift */; };
		63696DCC289134EB0051C8F2 /* SubMenuInfo.swift in Sources */ = {isa = PBXBuildFile; fileRef = 63696DCB289134EB0051C8F2 /* SubMenuInfo.swift */; };
		6380383E2889262A00504BD5 /* Detail.storyboard in Resources */ = {isa = PBXBuildFile; fileRef = 6380383D2889262A00504BD5 /* Detail.storyboard */; };
		638038402889264200504BD5 /* DetailViewController.swift in Sources */ = {isa = PBXBuildFile; fileRef = 6380383F2889264200504BD5 /* DetailViewController.swift */; };
		639FC45D28880FA3001CC188 /* AppDelegate.swift in Sources */ = {isa = PBXBuildFile; fileRef = 639FC45C28880FA3001CC188 /* AppDelegate.swift */; };
		639FC45F28880FA3001CC188 /* SceneDelegate.swift in Sources */ = {isa = PBXBuildFile; fileRef = 639FC45E28880FA3001CC188 /* SceneDelegate.swift */; };
		639FC46128880FA3001CC188 /* ViewController.swift in Sources */ = {isa = PBXBuildFile; fileRef = 639FC46028880FA3001CC188 /* ViewController.swift */; };
		639FC46428880FA3001CC188 /* Main.storyboard in Resources */ = {isa = PBXBuildFile; fileRef = 639FC46228880FA3001CC188 /* Main.storyboard */; };
		639FC46628880FA4001CC188 /* Assets.xcassets in Resources */ = {isa = PBXBuildFile; fileRef = 639FC46528880FA4001CC188 /* Assets.xcassets */; };
		639FC46928880FA4001CC188 /* LaunchScreen.storyboard in Resources */ = {isa = PBXBuildFile; fileRef = 639FC46728880FA4001CC188 /* LaunchScreen.storyboard */; };
/* End PBXBuildFile section */

/* Begin PBXFileReference section */
		63189187288812AE0031CC88 /* Table.storyboard */ = {isa = PBXFileReference; lastKnownFileType = file.storyboard; path = Table.storyboard; sourceTree = "<group>"; };
		63189189288812BA0031CC88 /* Collection.storyboard */ = {isa = PBXFileReference; lastKnownFileType = file.storyboard; path = Collection.storyboard; sourceTree = "<group>"; };
		6318918D288812E60031CC88 /* StudyCollectionViewCell.swift */ = {isa = PBXFileReference; lastKnownFileType = sourcecode.swift; path = StudyCollectionViewCell.swift; sourceTree = "<group>"; };
		6318918F288812FD0031CC88 /* StudyCollectionViewController.swift */ = {isa = PBXFileReference; lastKnownFileType = sourcecode.swift; path = StudyCollectionViewController.swift; sourceTree = "<group>"; };
		631891912888130C0031CC88 /* StudyTableViewCell.swift */ = {isa = PBXFileReference; lastKnownFileType = sourcecode.swift; path = StudyTableViewCell.swift; sourceTree = "<group>"; };
		631891932888132B0031CC88 /* StudyTableViewController.swift */ = {isa = PBXFileReference; lastKnownFileType = sourcecode.swift; path = StudyTableViewController.swift; sourceTree = "<group>"; };
		6318919528881CEC0031CC88 /* TableList.swift */ = {isa = PBXFileReference; lastKnownFileType = sourcecode.swift; path = TableList.swift; sourceTree = "<group>"; };
		6318919728881CFB0031CC88 /* TableListInfo.swift */ = {isa = PBXFileReference; lastKnownFileType = sourcecode.swift; path = TableListInfo.swift; sourceTree = "<group>"; };
		63696DB7289128240051C8F2 /* CustomTableViewController.swift */ = {isa = PBXFileReference; lastKnownFileType = sourcecode.swift; path = CustomTableViewController.swift; sourceTree = "<group>"; };
		63696DB92891282F0051C8F2 /* CustomTable.storyboard */ = {isa = PBXFileReference; lastKnownFileType = file.storyboard; path = CustomTable.storyboard; sourceTree = "<group>"; };
		63696DBF28912A3C0051C8F2 /* MainTableViewCell.swift */ = {isa = PBXFileReference; lastKnownFileType = sourcecode.swift; path = MainTableViewCell.swift; sourceTree = "<group>"; };
		63696DC028912A3C0051C8F2 /* MainTableViewCell.xib */ = {isa = PBXFileReference; lastKnownFileType = file.xib; path = MainTableViewCell.xib; sourceTree = "<group>"; };
		63696DC328912A470051C8F2 /* SubTableViewCell.swift */ = {isa = PBXFileReference; lastKnownFileType = sourcecode.swift; path = SubTableViewCell.swift; sourceTree = "<group>"; };
		63696DC428912A470051C8F2 /* SubTableViewCell.xib */ = {isa = PBXFileReference; lastKnownFileType = file.xib; path = SubTableViewCell.xib; sourceTree = "<group>"; };
		63696DC728912DBC0051C8F2 /* MainMenu.swift */ = {isa = PBXFileReference; lastKnownFileType = sourcecode.swift; path = MainMenu.swift; sourceTree = "<group>"; };
		63696DC9289134E20051C8F2 /* SubMenu.swift */ = {isa = PBXFileReference; lastKnownFileType = sourcecode.swift; path = SubMenu.swift; sourceTree = "<group>"; };
		63696DCB289134EB0051C8F2 /* SubMenuInfo.swift */ = {isa = PBXFileReference; lastKnownFileType = sourcecode.swift; path = SubMenuInfo.swift; sourceTree = "<group>"; };
		6380383D2889262A00504BD5 /* Detail.storyboard */ = {isa = PBXFileReference; lastKnownFileType = file.storyboard; path = Detail.storyboard; sourceTree = "<group>"; };
		6380383F2889264200504BD5 /* DetailViewController.swift */ = {isa = PBXFileReference; lastKnownFileType = sourcecode.swift; path = DetailViewController.swift; sourceTree = "<group>"; };
		639FC45928880FA3001CC188 /* Study.app */ = {isa = PBXFileReference; explicitFileType = wrapper.application; includeInIndex = 0; path = Study.app; sourceTree = BUILT_PRODUCTS_DIR; };
		639FC45C28880FA3001CC188 /* AppDelegate.swift */ = {isa = PBXFileReference; lastKnownFileType = sourcecode.swift; path = AppDelegate.swift; sourceTree = "<group>"; };
		639FC45E28880FA3001CC188 /* SceneDelegate.swift */ = {isa = PBXFileReference; lastKnownFileType = sourcecode.swift; path = SceneDelegate.swift; sourceTree = "<group>"; };
		639FC46028880FA3001CC188 /* ViewController.swift */ = {isa = PBXFileReference; lastKnownFileType = sourcecode.swift; path = ViewController.swift; sourceTree = "<group>"; };
		639FC46328880FA3001CC188 /* Base */ = {isa = PBXFileReference; lastKnownFileType = file.storyboard; name = Base; path = Base.lproj/Main.storyboard; sourceTree = "<group>"; };
		639FC46528880FA4001CC188 /* Assets.xcassets */ = {isa = PBXFileReference; lastKnownFileType = folder.assetcatalog; path = Assets.xcassets; sourceTree = "<group>"; };
		639FC46828880FA4001CC188 /* Base */ = {isa = PBXFileReference; lastKnownFileType = file.storyboard; name = Base; path = Base.lproj/LaunchScreen.storyboard; sourceTree = "<group>"; };
		639FC46A28880FA4001CC188 /* Info.plist */ = {isa = PBXFileReference; lastKnownFileType = text.plist.xml; path = Info.plist; sourceTree = "<group>"; };
/* End PBXFileReference section */

/* Begin PBXFrameworksBuildPhase section */
		639FC45628880FA3001CC188 /* Frameworks */ = {
			isa = PBXFrameworksBuildPhase;
			buildActionMask = 2147483647;
			files = (
			);
			runOnlyForDeploymentPostprocessing = 0;
		};
/* End PBXFrameworksBuildPhase section */

/* Begin PBXGroup section */
		6318918B288812C10031CC88 /* Collection */ = {
			isa = PBXGroup;
			children = (
				63189189288812BA0031CC88 /* Collection.storyboard */,
				6318918D288812E60031CC88 /* StudyCollectionViewCell.swift */,
				6318918F288812FD0031CC88 /* StudyCollectionViewController.swift */,
			);
			path = Collection;
			sourceTree = "<group>";
		};
		6318918C288812C70031CC88 /* Table */ = {
			isa = PBXGroup;
			children = (
				63189187288812AE0031CC88 /* Table.storyboard */,
				6318919528881CEC0031CC88 /* TableList.swift */,
				6318919728881CFB0031CC88 /* TableListInfo.swift */,
				631891912888130C0031CC88 /* StudyTableViewCell.swift */,
				631891932888132B0031CC88 /* StudyTableViewController.swift */,
			);
			path = Table;
			sourceTree = "<group>";
		};
		63696DB6289127D80051C8F2 /* UIViewController+Table */ = {
			isa = PBXGroup;
			children = (
				63696DB7289128240051C8F2 /* CustomTableViewController.swift */,
				63696DB92891282F0051C8F2 /* CustomTable.storyboard */,
				63696DCD2891427F0051C8F2 /* Cell */,
				63696DCE2891428D0051C8F2 /* Struct */,
			);
			path = "UIViewController+Table";
			sourceTree = "<group>";
		};
		63696DCD2891427F0051C8F2 /* Cell */ = {
			isa = PBXGroup;
			children = (
				63696DC428912A470051C8F2 /* SubTableViewCell.xib */,
				63696DC328912A470051C8F2 /* SubTableViewCell.swift */,
				63696DC028912A3C0051C8F2 /* MainTableViewCell.xib */,
				63696DBF28912A3C0051C8F2 /* MainTableViewCell.swift */,
			);
			path = Cell;
			sourceTree = "<group>";
		};
		63696DCE2891428D0051C8F2 /* Struct */ = {
			isa = PBXGroup;
			children = (
				63696DC728912DBC0051C8F2 /* MainMenu.swift */,
				63696DC9289134E20051C8F2 /* SubMenu.swift */,
				63696DCB289134EB0051C8F2 /* SubMenuInfo.swift */,
			);
			path = Struct;
			sourceTree = "<group>";
		};
		638038412889264E00504BD5 /* Detail */ = {
			isa = PBXGroup;
			children = (
				6380383D2889262A00504BD5 /* Detail.storyboard */,
				6380383F2889264200504BD5 /* DetailViewController.swift */,
			);
			path = Detail;
			sourceTree = "<group>";
		};
		639FC45028880FA3001CC188 = {
			isa = PBXGroup;
			children = (
				639FC45B28880FA3001CC188 /* Study */,
				639FC45A28880FA3001CC188 /* Products */,
			);
			sourceTree = "<group>";
		};
		639FC45A28880FA3001CC188 /* Products */ = {
			isa = PBXGroup;
			children = (
				639FC45928880FA3001CC188 /* Study.app */,
			);
			name = Products;
			sourceTree = "<group>";
		};
		639FC45B28880FA3001CC188 /* Study */ = {
			isa = PBXGroup;
			children = (
				63696DB6289127D80051C8F2 /* UIViewController+Table */,
				639FC45C28880FA3001CC188 /* AppDelegate.swift */,
				639FC45E28880FA3001CC188 /* SceneDelegate.swift */,
				639FC46028880FA3001CC188 /* ViewController.swift */,
				639FC46228880FA3001CC188 /* Main.storyboard */,
				638038412889264E00504BD5 /* Detail */,
				6318918C288812C70031CC88 /* Table */,
				6318918B288812C10031CC88 /* Collection */,
				639FC46528880FA4001CC188 /* Assets.xcassets */,
				639FC46728880FA4001CC188 /* LaunchScreen.storyboard */,
				639FC46A28880FA4001CC188 /* Info.plist */,
			);
			path = Study;
			sourceTree = "<group>";
		};
/* End PBXGroup section */

/* Begin PBXNativeTarget section */
		639FC45828880FA3001CC188 /* Study */ = {
			isa = PBXNativeTarget;
			buildConfigurationList = 639FC46D28880FA4001CC188 /* Build configuration list for PBXNativeTarget "Study" */;
			buildPhases = (
				639FC45528880FA3001CC188 /* Sources */,
				639FC45628880FA3001CC188 /* Frameworks */,
				639FC45728880FA3001CC188 /* Resources */,
			);
			buildRules = (
			);
			dependencies = (
			);
			name = Study;
			productName = Study;
			productReference = 639FC45928880FA3001CC188 /* Study.app */;
			productType = "com.apple.product-type.application";
		};
/* End PBXNativeTarget section */

/* Begin PBXProject section */
		639FC45128880FA3001CC188 /* Project object */ = {
			isa = PBXProject;
			attributes = {
				BuildIndependentTargetsInParallel = 1;
				LastSwiftUpdateCheck = 1340;
				LastUpgradeCheck = 1340;
				TargetAttributes = {
					639FC45828880FA3001CC188 = {
						CreatedOnToolsVersion = 13.4.1;
					};
				};
			};
			buildConfigurationList = 639FC45428880FA3001CC188 /* Build configuration list for PBXProject "Study" */;
			compatibilityVersion = "Xcode 13.0";
			developmentRegion = en;
			hasScannedForEncodings = 0;
			knownRegions = (
				en,
				Base,
			);
			mainGroup = 639FC45028880FA3001CC188;
			productRefGroup = 639FC45A28880FA3001CC188 /* Products */;
			projectDirPath = "";
			projectRoot = "";
			targets = (
				639FC45828880FA3001CC188 /* Study */,
			);
		};
/* End PBXProject section */

/* Begin PBXResourcesBuildPhase section */
		639FC45728880FA3001CC188 /* Resources */ = {
			isa = PBXResourcesBuildPhase;
			buildActionMask = 2147483647;
			files = (
				639FC46928880FA4001CC188 /* LaunchScreen.storyboard in Resources */,
				63696DBA2891282F0051C8F2 /* CustomTable.storyboard in Resources */,
				639FC46628880FA4001CC188 /* Assets.xcassets in Resources */,
				639FC46428880FA3001CC188 /* Main.storyboard in Resources */,
				63189188288812AE0031CC88 /* Table.storyboard in Resources */,
				6318918A288812BA0031CC88 /* Collection.storyboard in Resources */,
				63696DC628912A470051C8F2 /* SubTableViewCell.xib in Resources */,
				63696DC228912A3C0051C8F2 /* MainTableViewCell.xib in Resources */,
				6380383E2889262A00504BD5 /* Detail.storyboard in Resources */,
			);
			runOnlyForDeploymentPostprocessing = 0;
		};
/* End PBXResourcesBuildPhase section */

/* Begin PBXSourcesBuildPhase section */
		639FC45528880FA3001CC188 /* Sources */ = {
			isa = PBXSourcesBuildPhase;
			buildActionMask = 2147483647;
			files = (
				631891942888132B0031CC88 /* StudyTableViewController.swift in Sources */,
				63189190288812FD0031CC88 /* StudyCollectionViewController.swift in Sources */,
				6318918E288812E60031CC88 /* StudyCollectionViewCell.swift in Sources */,
				639FC46128880FA3001CC188 /* ViewController.swift in Sources */,
				63696DCA289134E20051C8F2 /* SubMenu.swift in Sources */,
				63696DC528912A470051C8F2 /* SubTableViewCell.swift in Sources */,
				6318919828881CFC0031CC88 /* TableListInfo.swift in Sources */,
				63696DCC289134EB0051C8F2 /* SubMenuInfo.swift in Sources */,
				639FC45D28880FA3001CC188 /* AppDelegate.swift in Sources */,
				63696DB8289128240051C8F2 /* CustomTableViewController.swift in Sources */,
				639FC45F28880FA3001CC188 /* SceneDelegate.swift in Sources */,
				63696DC828912DBC0051C8F2 /* MainMenu.swift in Sources */,
				638038402889264200504BD5 /* DetailViewController.swift in Sources */,
				6318919628881CEC0031CC88 /* TableList.swift in Sources */,
				63696DC128912A3C0051C8F2 /* MainTableViewCell.swift in Sources */,
				631891922888130C0031CC88 /* StudyTableViewCell.swift in Sources */,
			);
			runOnlyForDeploymentPostprocessing = 0;
		};
/* End PBXSourcesBuildPhase section */

/* Begin PBXVariantGroup section */
		639FC46228880FA3001CC188 /* Main.storyboard */ = {
			isa = PBXVariantGroup;
			children = (
				639FC46328880FA3001CC188 /* Base */,
			);
			name = Main.storyboard;
			sourceTree = "<group>";
		};
		639FC46728880FA4001CC188 /* LaunchScreen.storyboard */ = {
			isa = PBXVariantGroup;
			children = (
				639FC46828880FA4001CC188 /* Base */,
			);
			name = LaunchScreen.storyboard;
			sourceTree = "<group>";
		};
/* End PBXVariantGroup section */

/* Begin XCBuildConfiguration section */
		639FC46B28880FA4001CC188 /* Debug */ = {
			isa = XCBuildConfiguration;
			buildSettings = {
				ALWAYS_SEARCH_USER_PATHS = NO;
				CLANG_ANALYZER_NONNULL = YES;
				CLANG_ANALYZER_NUMBER_OBJECT_CONVERSION = YES_AGGRESSIVE;
				CLANG_CXX_LANGUAGE_STANDARD = "gnu++17";
				CLANG_ENABLE_MODULES = YES;
				CLANG_ENABLE_OBJC_ARC = YES;
				CLANG_ENABLE_OBJC_WEAK = YES;
				CLANG_WARN_BLOCK_CAPTURE_AUTORELEASING = YES;
				CLANG_WARN_BOOL_CONVERSION = YES;
				CLANG_WARN_COMMA = YES;
				CLANG_WARN_CONSTANT_CONVERSION = YES;
				CLANG_WARN_DEPRECATED_OBJC_IMPLEMENTATIONS = YES;
				CLANG_WARN_DIRECT_OBJC_ISA_USAGE = YES_ERROR;
				CLANG_WARN_DOCUMENTATION_COMMENTS = YES;
				CLANG_WARN_EMPTY_BODY = YES;
				CLANG_WARN_ENUM_CONVERSION = YES;
				CLANG_WARN_INFINITE_RECURSION = YES;
				CLANG_WARN_INT_CONVERSION = YES;
				CLANG_WARN_NON_LITERAL_NULL_CONVERSION = YES;
				CLANG_WARN_OBJC_IMPLICIT_RETAIN_SELF = YES;
				CLANG_WARN_OBJC_LITERAL_CONVERSION = YES;
				CLANG_WARN_OBJC_ROOT_CLASS = YES_ERROR;
				CLANG_WARN_QUOTED_INCLUDE_IN_FRAMEWORK_HEADER = YES;
				CLANG_WARN_RANGE_LOOP_ANALYSIS = YES;
				CLANG_WARN_STRICT_PROTOTYPES = YES;
				CLANG_WARN_SUSPICIOUS_MOVE = YES;
				CLANG_WARN_UNGUARDED_AVAILABILITY = YES_AGGRESSIVE;
				CLANG_WARN_UNREACHABLE_CODE = YES;
				CLANG_WARN__DUPLICATE_METHOD_MATCH = YES;
				COPY_PHASE_STRIP = NO;
				DEBUG_INFORMATION_FORMAT = dwarf;
				ENABLE_STRICT_OBJC_MSGSEND = YES;
				ENABLE_TESTABILITY = YES;
				GCC_C_LANGUAGE_STANDARD = gnu11;
				GCC_DYNAMIC_NO_PIC = NO;
				GCC_NO_COMMON_BLOCKS = YES;
				GCC_OPTIMIZATION_LEVEL = 0;
				GCC_PREPROCESSOR_DEFINITIONS = (
					"DEBUG=1",
					"$(inherited)",
				);
				GCC_WARN_64_TO_32_BIT_CONVERSION = YES;
				GCC_WARN_ABOUT_RETURN_TYPE = YES_ERROR;
				GCC_WARN_UNDECLARED_SELECTOR = YES;
				GCC_WARN_UNINITIALIZED_AUTOS = YES_AGGRESSIVE;
				GCC_WARN_UNUSED_FUNCTION = YES;
				GCC_WARN_UNUSED_VARIABLE = YES;
				IPHONEOS_DEPLOYMENT_TARGET = 15.5;
				MTL_ENABLE_DEBUG_INFO = INCLUDE_SOURCE;
				MTL_FAST_MATH = YES;
				ONLY_ACTIVE_ARCH = YES;
				SDKROOT = iphoneos;
				SWIFT_ACTIVE_COMPILATION_CONDITIONS = DEBUG;
				SWIFT_OPTIMIZATION_LEVEL = "-Onone";
			};
			name = Debug;
		};
		639FC46C28880FA4001CC188 /* Release */ = {
			isa = XCBuildConfiguration;
			buildSettings = {
				ALWAYS_SEARCH_USER_PATHS = NO;
				CLANG_ANALYZER_NONNULL = YES;
				CLANG_ANALYZER_NUMBER_OBJECT_CONVERSION = YES_AGGRESSIVE;
				CLANG_CXX_LANGUAGE_STANDARD = "gnu++17";
				CLANG_ENABLE_MODULES = YES;
				CLANG_ENABLE_OBJC_ARC = YES;
				CLANG_ENABLE_OBJC_WEAK = YES;
				CLANG_WARN_BLOCK_CAPTURE_AUTORELEASING = YES;
				CLANG_WARN_BOOL_CONVERSION = YES;
				CLANG_WARN_COMMA = YES;
				CLANG_WARN_CONSTANT_CONVERSION = YES;
				CLANG_WARN_DEPRECATED_OBJC_IMPLEMENTATIONS = YES;
				CLANG_WARN_DIRECT_OBJC_ISA_USAGE = YES_ERROR;
				CLANG_WARN_DOCUMENTATION_COMMENTS = YES;
				CLANG_WARN_EMPTY_BODY = YES;
				CLANG_WARN_ENUM_CONVERSION = YES;
				CLANG_WARN_INFINITE_RECURSION = YES;
				CLANG_WARN_INT_CONVERSION = YES;
				CLANG_WARN_NON_LITERAL_NULL_CONVERSION = YES;
				CLANG_WARN_OBJC_IMPLICIT_RETAIN_SELF = YES;
				CLANG_WARN_OBJC_LITERAL_CONVERSION = YES;
				CLANG_WARN_OBJC_ROOT_CLASS = YES_ERROR;
				CLANG_WARN_QUOTED_INCLUDE_IN_FRAMEWORK_HEADER = YES;
				CLANG_WARN_RANGE_LOOP_ANALYSIS = YES;
				CLANG_WARN_STRICT_PROTOTYPES = YES;
				CLANG_WARN_SUSPICIOUS_MOVE = YES;
				CLANG_WARN_UNGUARDED_AVAILABILITY = YES_AGGRESSIVE;
				CLANG_WARN_UNREACHABLE_CODE = YES;
				CLANG_WARN__DUPLICATE_METHOD_MATCH = YES;
				COPY_PHASE_STRIP = NO;
				DEBUG_INFORMATION_FORMAT = "dwarf-with-dsym";
				ENABLE_NS_ASSERTIONS = NO;
				ENABLE_STRICT_OBJC_MSGSEND = YES;
				GCC_C_LANGUAGE_STANDARD = gnu11;
				GCC_NO_COMMON_BLOCKS = YES;
				GCC_WARN_64_TO_32_BIT_CONVERSION = YES;
				GCC_WARN_ABOUT_RETURN_TYPE = YES_ERROR;
				GCC_WARN_UNDECLARED_SELECTOR = YES;
				GCC_WARN_UNINITIALIZED_AUTOS = YES_AGGRESSIVE;
				GCC_WARN_UNUSED_FUNCTION = YES;
				GCC_WARN_UNUSED_VARIABLE = YES;
				IPHONEOS_DEPLOYMENT_TARGET = 15.5;
				MTL_ENABLE_DEBUG_INFO = NO;
				MTL_FAST_MATH = YES;
				SDKROOT = iphoneos;
				SWIFT_COMPILATION_MODE = wholemodule;
				SWIFT_OPTIMIZATION_LEVEL = "-O";
				VALIDATE_PRODUCT = YES;
			};
			name = Release;
		};
		639FC46E28880FA4001CC188 /* Debug */ = {
			isa = XCBuildConfiguration;
			buildSettings = {
				ASSETCATALOG_COMPILER_APPICON_NAME = AppIcon;
				ASSETCATALOG_COMPILER_GLOBAL_ACCENT_COLOR_NAME = AccentColor;
				CODE_SIGN_STYLE = Automatic;
				CURRENT_PROJECT_VERSION = 1;
				GENERATE_INFOPLIST_FILE = YES;
				INFOPLIST_FILE = Study/Info.plist;
				INFOPLIST_KEY_UIApplicationSupportsIndirectInputEvents = YES;
				INFOPLIST_KEY_UILaunchStoryboardName = LaunchScreen;
				INFOPLIST_KEY_UIMainStoryboardFile = Main;
				INFOPLIST_KEY_UISupportedInterfaceOrientations = UIInterfaceOrientationPortrait;
				INFOPLIST_KEY_UISupportedInterfaceOrientations_iPad = "UIInterfaceOrientationPortrait UIInterfaceOrientationPortraitUpsideDown UIInterfaceOrientationLandscapeLeft UIInterfaceOrientationLandscapeRight";
				INFOPLIST_KEY_UISupportedInterfaceOrientations_iPhone = "UIInterfaceOrientationPortrait UIInterfaceOrientationLandscapeLeft UIInterfaceOrientationLandscapeRight";
				LD_RUNPATH_SEARCH_PATHS = (
					"$(inherited)",
					"@executable_path/Frameworks",
				);
				MARKETING_VERSION = 1.0;
				PRODUCT_BUNDLE_IDENTIFIER = com.jj.Study;
				PRODUCT_NAME = "$(TARGET_NAME)";
				SWIFT_EMIT_LOC_STRINGS = YES;
				SWIFT_VERSION = 5.0;
				TARGETED_DEVICE_FAMILY = 1;
			};
			name = Debug;
		};
		639FC46F28880FA4001CC188 /* Release */ = {
			isa = XCBuildConfiguration;
			buildSettings = {
				ASSETCATALOG_COMPILER_APPICON_NAME = AppIcon;
				ASSETCATALOG_COMPILER_GLOBAL_ACCENT_COLOR_NAME = AccentColor;
				CODE_SIGN_STYLE = Automatic;
				CURRENT_PROJECT_VERSION = 1;
				GENERATE_INFOPLIST_FILE = YES;
				INFOPLIST_FILE = Study/Info.plist;
				INFOPLIST_KEY_UIApplicationSupportsIndirectInputEvents = YES;
				INFOPLIST_KEY_UILaunchStoryboardName = LaunchScreen;
				INFOPLIST_KEY_UIMainStoryboardFile = Main;
				INFOPLIST_KEY_UISupportedInterfaceOrientations = UIInterfaceOrientationPortrait;
				INFOPLIST_KEY_UISupportedInterfaceOrientations_iPad = "UIInterfaceOrientationPortrait UIInterfaceOrientationPortraitUpsideDown UIInterfaceOrientationLandscapeLeft UIInterfaceOrientationLandscapeRight";
				INFOPLIST_KEY_UISupportedInterfaceOrientations_iPhone = "UIInterfaceOrientationPortrait UIInterfaceOrientationLandscapeLeft UIInterfaceOrientationLandscapeRight";
				LD_RUNPATH_SEARCH_PATHS = (
					"$(inherited)",
					"@executable_path/Frameworks",
				);
				MARKETING_VERSION = 1.0;
				PRODUCT_BUNDLE_IDENTIFIER = com.jj.Study;
				PRODUCT_NAME = "$(TARGET_NAME)";
				SWIFT_EMIT_LOC_STRINGS = YES;
				SWIFT_VERSION = 5.0;
				TARGETED_DEVICE_FAMILY = 1;
			};
			name = Release;
		};
/* End XCBuildConfiguration section */

/* Begin XCConfigurationList section */
		639FC45428880FA3001CC188 /* Build configuration list for PBXProject "Study" */ = {
			isa = XCConfigurationList;
			buildConfigurations = (
				639FC46B28880FA4001CC188 /* Debug */,
				639FC46C28880FA4001CC188 /* Release */,
			);
			defaultConfigurationIsVisible = 0;
			defaultConfigurationName = Release;
		};
		639FC46D28880FA4001CC188 /* Build configuration list for PBXNativeTarget "Study" */ = {
			isa = XCConfigurationList;
			buildConfigurations = (
				639FC46E28880FA4001CC188 /* Debug */,
				639FC46F28880FA4001CC188 /* Release */,
			);
			defaultConfigurationIsVisible = 0;
			defaultConfigurationName = Release;
		};
/* End XCConfigurationList section */
	};
	rootObject = 639FC45128880FA3001CC188 /* Project object */;
}
